
Microsoft Visual Studio Solution File, Format Version 12.00
# Visual Studio Version 17
VisualStudioVersion = 17.14.36414.22
MinimumVisualStudioVersion = 10.0.40219.1
Project("{2150E333-8FDC-42A3-9474-1A3956D46DE8}") = "src", "src", "{02EA681E-C7D8-13C7-8484-4AC65E1B71E8}"
EndProject
Project("{2150E333-8FDC-42A3-9474-1A3956D46DE8}") = "03.Infrastructure", "03.Infrastructure", "{D3D009D4-F8FA-49EA-ADA9-A6E8F9010EFC}"
EndProject
Project("{2150E333-8FDC-42A3-9474-1A3956D46DE8}") = "02.Services", "02.Services", "{E1EA3476-FEA2-4014-B17F-7A911E98327C}"
EndProject
Project("{2150E333-8FDC-42A3-9474-1A3956D46DE8}") = "01.Domain", "01.Domain", "{7BF53CEA-BBEA-4B23-AB41-59B6CD8D2B37}"
EndProject
Project("{2150E333-8FDC-42A3-9474-1A3956D46DE8}") = "04.Presentation", "04.Presentation", "{6E696498-1182-4C26-B3C9-5AC1C0C6AE63}"
EndProject
Project("{FAE04EC0-301F-11D3-BF4B-00C04F79EFBC}") = "MaktabGram.Presentation.ConsoleApp", "src\04.Presentation\MaktabGram.Presentation.ConsoleApp\MaktabGram.Presentation.ConsoleApp.csproj", "{CF87B983-A436-4E49-A7C8-E18CBDD8A1F8}"
EndProject
Project("{FAE04EC0-301F-11D3-BF4B-00C04F79EFBC}") = "MaktabGram.Infrastructure.EfCore", "src\03.Infrastructure\MaktabGram.Infrastructure.EfCore\MaktabGram.Infrastructure.EfCore.csproj", "{6F7667AA-E05A-4F39-ADFF-F14AE902CFE3}"
EndProject
Project("{FAE04EC0-301F-11D3-BF4B-00C04F79EFBC}") = "MaktabGram.Services", "src\02.Services\MaktabGram.Services\MaktabGram.Services.csproj", "{D638A566-58AA-45C8-8497-9260B9B61AA0}"
EndProject
Project("{FAE04EC0-301F-11D3-BF4B-00C04F79EFBC}") = "MaktabGram.Domain", "src\01.Domain\MaktabGram.Domain\MaktabGram.Domain.csproj", "{F362A355-8380-4795-8319-D8D30AD2582C}"
EndProject
Project("{2150E333-8FDC-42A3-9474-1A3956D46DE8}") = "00.Framework", "00.Framework", "{501AA2B3-2888-46F1-80EB-4CD47B309AF4}"
EndProject
Project("{FAE04EC0-301F-11D3-BF4B-00C04F79EFBC}") = "MaktabGram.Framework", "src\00.Framework\MaktabGram.Framework\MaktabGram.Framework.csproj", "{056DF318-BD5C-45C7-B413-5749961A1C68}"
EndProject
Project("{FAE04EC0-301F-11D3-BF4B-00C04F79EFBC}") = "MaktabGram.Presentation.MVC", "src\04.Presentation\MaktabGram.Presentation.MVC\MaktabGram.Presentation.MVC.csproj", "{50F3765E-B667-40AB-B1AD-66905211B41D}"
EndProject
Global
	GlobalSection(SolutionConfigurationPlatforms) = preSolution
		Debug|Any CPU = Debug|Any CPU
		Release|Any CPU = Release|Any CPU
	EndGlobalSection
	GlobalSection(ProjectConfigurationPlatforms) = postSolution
		{CF87B983-A436-4E49-A7C8-E18CBDD8A1F8}.Debug|Any CPU.ActiveCfg = Debug|Any CPU
		{CF87B983-A436-4E49-A7C8-E18CBDD8A1F8}.Debug|Any CPU.Build.0 = Debug|Any CPU
		{CF87B983-A436-4E49-A7C8-E18CBDD8A1F8}.Release|Any CPU.ActiveCfg = Release|Any CPU
		{CF87B983-A436-4E49-A7C8-E18CBDD8A1F8}.Release|Any CPU.Build.0 = Release|Any CPU
		{6F7667AA-E05A-4F39-ADFF-F14AE902CFE3}.Debug|Any CPU.ActiveCfg = Debug|Any CPU
		{6F7667AA-E05A-4F39-ADFF-F14AE902CFE3}.Debug|Any CPU.Build.0 = Debug|Any CPU
		{6F7667AA-E05A-4F39-ADFF-F14AE902CFE3}.Release|Any CPU.ActiveCfg = Release|Any CPU
		{6F7667AA-E05A-4F39-ADFF-F14AE902CFE3}.Release|Any CPU.Build.0 = Release|Any CPU
		{D638A566-58AA-45C8-8497-9260B9B61AA0}.Debug|Any CPU.ActiveCfg = Debug|Any CPU
		{D638A566-58AA-45C8-8497-9260B9B61AA0}.Debug|Any CPU.Build.0 = Debug|Any CPU
		{D638A566-58AA-45C8-8497-9260B9B61AA0}.Release|Any CPU.ActiveCfg = Release|Any CPU
		{D638A566-58AA-45C8-8497-9260B9B61AA0}.Release|Any CPU.Build.0 = Release|Any CPU
		{F362A355-8380-4795-8319-D8D30AD2582C}.Debug|Any CPU.ActiveCfg = Debug|Any CPU
		{F362A355-8380-4795-8319-D8D30AD2582C}.Debug|Any CPU.Build.0 = Debug|Any CPU
		{F362A355-8380-4795-8319-D8D30AD2582C}.Release|Any CPU.ActiveCfg = Release|Any CPU
		{F362A355-8380-4795-8319-D8D30AD2582C}.Release|Any CPU.Build.0 = Release|Any CPU
		{056DF318-BD5C-45C7-B413-5749961A1C68}.Debug|Any CPU.ActiveCfg = Debug|Any CPU
		{056DF318-BD5C-45C7-B413-5749961A1C68}.Debug|Any CPU.Build.0 = Debug|Any CPU
		{056DF318-BD5C-45C7-B413-5749961A1C68}.Release|Any CPU.ActiveCfg = Release|Any CPU
		{056DF318-BD5C-45C7-B413-5749961A1C68}.Release|Any CPU.Build.0 = Release|Any CPU
		{50F3765E-B667-40AB-B1AD-66905211B41D}.Debug|Any CPU.ActiveCfg = Debug|Any CPU
		{50F3765E-B667-40AB-B1AD-66905211B41D}.Debug|Any CPU.Build.0 = Debug|Any CPU
		{50F3765E-B667-40AB-B1AD-66905211B41D}.Release|Any CPU.ActiveCfg = Release|Any CPU
		{50F3765E-B667-40AB-B1AD-66905211B41D}.Release|Any CPU.Build.0 = Release|Any CPU
	EndGlobalSection
	GlobalSection(SolutionProperties) = preSolution
		HideSolutionNode = FALSE
	EndGlobalSection
	GlobalSection(NestedProjects) = preSolution
		{D3D009D4-F8FA-49EA-ADA9-A6E8F9010EFC} = {02EA681E-C7D8-13C7-8484-4AC65E1B71E8}
		{E1EA3476-FEA2-4014-B17F-7A911E98327C} = {02EA681E-C7D8-13C7-8484-4AC65E1B71E8}
		{7BF53CEA-BBEA-4B23-AB41-59B6CD8D2B37} = {02EA681E-C7D8-13C7-8484-4AC65E1B71E8}
		{6E696498-1182-4C26-B3C9-5AC1C0C6AE63} = {02EA681E-C7D8-13C7-8484-4AC65E1B71E8}
		{CF87B983-A436-4E49-A7C8-E18CBDD8A1F8} = {6E696498-1182-4C26-B3C9-5AC1C0C6AE63}
		{6F7667AA-E05A-4F39-ADFF-F14AE902CFE3} = {D3D009D4-F8FA-49EA-ADA9-A6E8F9010EFC}
		{D638A566-58AA-45C8-8497-9260B9B61AA0} = {E1EA3476-FEA2-4014-B17F-7A911E98327C}
		{F362A355-8380-4795-8319-D8D30AD2582C} = {7BF53CEA-BBEA-4B23-AB41-59B6CD8D2B37}
		{501AA2B3-2888-46F1-80EB-4CD47B309AF4} = {02EA681E-C7D8-13C7-8484-4AC65E1B71E8}
		{056DF318-BD5C-45C7-B413-5749961A1C68} = {501AA2B3-2888-46F1-80EB-4CD47B309AF4}
		{50F3765E-B667-40AB-B1AD-66905211B41D} = {6E696498-1182-4C26-B3C9-5AC1C0C6AE63}
	EndGlobalSection
	GlobalSection(ExtensibilityGlobals) = postSolution
		SolutionGuid = {343B6C32-145C-418D-B09C-F41664B6A4D7}
	EndGlobalSection
EndGlobal
